
Microsoft Visual Studio Solution File, Format Version 12.00
# Visual Studio Version 17
VisualStudioVersion = 17.3.32929.385
MinimumVisualStudioVersion = 10.0.40219.1
Project("{FAE04EC0-301F-11D3-BF4B-00C04F79EFBC}") = "Mvc_Proje", "Mvc_Proje\Mvc_Proje.csproj", "{5E0C0EA6-E500-4996-A248-D530BA01B2F6}"
EndProject
Global
	GlobalSection(SolutionConfigurationPlatforms) = preSolution
		Debug|Any CPU = Debug|Any CPU
		Release|Any CPU = Release|Any CPU
	EndGlobalSection
	GlobalSection(ProjectConfigurationPlatforms) = postSolution
		{5E0C0EA6-E500-4996-A248-D530BA01B2F6}.Debug|Any CPU.ActiveCfg = Debug|Any CPU
		{5E0C0EA6-E500-4996-A248-D530BA01B2F6}.Debug|Any CPU.Build.0 = Debug|Any CPU
		{5E0C0EA6-E500-4996-A248-D530BA01B2F6}.Release|Any CPU.ActiveCfg = Release|Any CPU
		{5E0C0EA6-E500-4996-A248-D530BA01B2F6}.Release|Any CPU.Build.0 = Release|Any CPU
	EndGlobalSection
	GlobalSection(SolutionProperties) = preSolution
		HideSolutionNode = FALSE
	EndGlobalSection
	GlobalSection(ExtensibilityGlobals) = postSolution
		SolutionGuid = {95EEFDE8-8E91-4181-9CC4-0D739BF9C8FB}
	EndGlobalSection
EndGlobal
